{
    "_readme": [
        "This file locks the dependencies of your project to a known state",
        "Read more about it at https://getcomposer.org/doc/01-basic-usage.md#composer-lock-the-lock-file",
        "This file is @generated automatically"
    ],
    "hash": "563dfa1fefc4273a99d266d2c8928794",
    "packages": [
        {
            "name": "bower-asset/angular",
            "version": "v1.4.1",
            "source": {
                "type": "git",
                "url": "https://github.com/angular/bower-angular.git",
                "reference": "00565b0834478e6a5b4d8ca0373b109c9d963f4b"
            },
            "dist": {
                "type": "zip",
                "url": "https://api.github.com/repos/angular/bower-angular/zipball/00565b0834478e6a5b4d8ca0373b109c9d963f4b",
                "reference": "00565b0834478e6a5b4d8ca0373b109c9d963f4b",
                "shasum": ""
            },
            "type": "bower-asset-library",
            "extra": {
                "bower-asset-main": "./angular.js",
                "bower-asset-ignore": []
            }
        },
        {
            "name": "bower-asset/angular-gettext",
            "version": "v2.1.0",
            "source": {
                "type": "git",
                "url": "https://github.com/rubenv/angular-gettext.git",
                "reference": "98de89361bf8fe81d7645502610cb9e378f81e83"
            },
            "dist": {
                "type": "zip",
                "url": "https://api.github.com/repos/rubenv/angular-gettext/zipball/98de89361bf8fe81d7645502610cb9e378f81e83",
                "reference": "98de89361bf8fe81d7645502610cb9e378f81e83",
                "shasum": ""
            },
            "require": {
                "bower-asset/angular": ">=1.2.0"
            },
            "require-dev": {
                "bower-asset/angular-mocks": ">=1.2.0",
                "bower-asset/jquery": ">=1.8.0"
            },
            "type": "bower-asset-library",
            "extra": {
                "bower-asset-main": "dist/angular-gettext.js",
                "bower-asset-ignore": [
                    "**/.*",
                    "src",
                    "node_modules",
                    "bower_components",
                    "test",
                    "genplurals.py",
                    "Gruntfile.js"
                ]
            }
        },
        {
            "name": "bower-asset/angular-mocks",
            "version": "v1.4.1",
            "source": {
                "type": "git",
                "url": "https://github.com/angular/bower-angular-mocks.git",
                "reference": "ea0a4758a98796855296d158be19730369197d33"
            },
            "dist": {
                "type": "zip",
                "url": "https://api.github.com/repos/angular/bower-angular-mocks/zipball/ea0a4758a98796855296d158be19730369197d33",
                "reference": "ea0a4758a98796855296d158be19730369197d33",
                "shasum": ""
            },
            "require": {
                "bower-asset/angular": "1.4.1"
            },
            "type": "bower-asset-library",
            "extra": {
                "bower-asset-main": "./angular-mocks.js",
                "bower-asset-ignore": []
            }
        },
        {
            "name": "bower-asset/angular-resource",
            "version": "v1.4.1",
            "source": {
                "type": "git",
                "url": "https://github.com/angular/bower-angular-resource.git",
                "reference": "fe96f7dd3756e8303586b51305b9eec819ee1b1a"
            },
            "dist": {
                "type": "zip",
                "url": "https://api.github.com/repos/angular/bower-angular-resource/zipball/fe96f7dd3756e8303586b51305b9eec819ee1b1a",
                "reference": "fe96f7dd3756e8303586b51305b9eec819ee1b1a",
                "shasum": ""
            },
            "require": {
                "bower-asset/angular": "1.4.1"
            },
            "type": "bower-asset-library",
            "extra": {
                "bower-asset-main": "./angular-resource.js",
                "bower-asset-ignore": []
            }
        },
        {
            "name": "bower-asset/angular-ui-router",
            "version": "0.2.15",
            "source": {
                "type": "git",
                "url": "https://github.com/angular-ui/ui-router.git",
                "reference": "805e69bae319e922e4d3265b7ef565058aaff850"
            },
            "dist": {
                "type": "zip",
                "url": "https://api.github.com/repos/angular-ui/ui-router/zipball/805e69bae319e922e4d3265b7ef565058aaff850",
                "reference": "805e69bae319e922e4d3265b7ef565058aaff850",
                "shasum": ""
            },
            "require": {
                "bower-asset/angular": ">=1.0.8"
            },
            "type": "bower-asset-library",
            "extra": {
                "bower-asset-main": "./release/angular-ui-router.js",
                "bower-asset-ignore": [
                    "**/.*",
                    "node_modules",
                    "bower_components",
                    "component.json",
                    "package.json",
                    "lib",
                    "config",
                    "sample",
                    "test",
                    "tests",
                    "ngdoc_assets",
                    "Gruntfile.js",
                    "files.js"
                ]
            }
        },
        {
            "name": "bower-asset/ngprogress",
            "version": "1.0.7",
            "source": {
                "type": "git",
                "url": "https://github.com/VictorBjelkholm/ngProgress.git",
                "reference": "71b88e226b6c5cfc8e39beae514d183ac6891837"
            },
            "dist": {
                "type": "zip",
                "url": "https://api.github.com/repos/VictorBjelkholm/ngProgress/zipball/71b88e226b6c5cfc8e39beae514d183ac6891837",
                "reference": "71b88e226b6c5cfc8e39beae514d183ac6891837",
                "shasum": ""
            },
            "type": "bower-asset-library",
            "extra": {
                "bower-asset-main": [
                    "build/ngProgress.js",
                    "ngProgress.css"
                ],
                "bower-asset-ignore": [
                    "**/.*",
                    "node_modules",
                    "bower_components",
                    "test",
                    "tests",
                    "src",
                    "Gruntfile.js",
                    "package.json",
                    "karma.conf.js",
                    "index.html"
                ]
            }
        }
    ],
    "packages-dev": [],
    "aliases": [],
    "minimum-stability": "stable",
    "stability-flags": [],
    "prefer-stable": false,
    "prefer-lowest": false,
    "platform": {
        "php": ">=5.3.0"
    },
    "platform-dev": []
}
