{
    "_readme": [
        "This file locks the dependencies of your project to a known state",
        "Read more about it at https://getcomposer.org/doc/01-basic-usage.md#composer-lock-the-lock-file",
        "This file is @generated automatically"
    ],
    "hash": "64b9d6fe2e906c3a9b0007083bc6666b",
    "packages": [
        {
            "name": "bower-asset/angular",
            "version": "v1.4.6",
            "source": {
                "type": "git",
                "url": "https://github.com/angular/bower-angular.git",
                "reference": "0e8a4e9b36704cacad159b99dd06bbcacef94975"
            },
            "dist": {
                "type": "zip",
                "url": "https://api.github.com/repos/angular/bower-angular/zipball/0e8a4e9b36704cacad159b99dd06bbcacef94975",
                "reference": "0e8a4e9b36704cacad159b99dd06bbcacef94975",
                "shasum": ""
            },
            "type": "bower-asset-library",
            "extra": {
                "bower-asset-main": "./angular.js",
                "bower-asset-ignore": []
            }
        },
        {
            "name": "bower-asset/angular-combine",
            "version": "v0.1.4",
            "source": {
                "type": "git",
                "url": "https://github.com/astik/angular-combine.git",
                "reference": "38302a96ad0496496971bc0e2bc1ebacf42062ac"
            },
            "dist": {
                "type": "zip",
                "url": "https://api.github.com/repos/astik/angular-combine/zipball/38302a96ad0496496971bc0e2bc1ebacf42062ac",
                "reference": "38302a96ad0496496971bc0e2bc1ebacf42062ac",
                "shasum": ""
            },
            "require": {
                "bower-asset/angular": ">=1.2.0,<2.0.0"
            },
            "type": "bower-asset-library",
            "extra": {
                "bower-asset-main": "./dist/angular-combine.js"
            },
            "license": [
                "MIT"
            ],
            "description": "Allow loading of merge templates into a single HTML file.",
            "keywords": [
                "$templateCache",
                "angular",
                "combine",
                "partials",
                "performance"
            ]
        },
        {
            "name": "bower-asset/angular-gettext",
            "version": "v2.1.0",
            "source": {
                "type": "git",
                "url": "https://github.com/rubenv/angular-gettext.git",
                "reference": "98de89361bf8fe81d7645502610cb9e378f81e83"
            },
            "dist": {
                "type": "zip",
                "url": "https://api.github.com/repos/rubenv/angular-gettext/zipball/98de89361bf8fe81d7645502610cb9e378f81e83",
                "reference": "98de89361bf8fe81d7645502610cb9e378f81e83",
                "shasum": ""
            },
            "require": {
                "bower-asset/angular": ">=1.2.0"
            },
            "require-dev": {
                "bower-asset/angular-mocks": ">=1.2.0",
                "bower-asset/jquery": ">=1.8.0"
            },
            "type": "bower-asset-library",
            "extra": {
                "bower-asset-main": "dist/angular-gettext.js",
                "bower-asset-ignore": [
                    "**/.*",
                    "src",
                    "node_modules",
                    "bower_components",
                    "test",
                    "genplurals.py",
                    "Gruntfile.js"
                ]
            }
        },
        {
            "name": "bower-asset/angular-i18n",
            "version": "v1.4.6",
            "source": {
                "type": "git",
                "url": "https://github.com/angular/bower-angular-i18n.git",
                "reference": "1b82200999bfb3f6c18293f07011ceeddeae1d08"
            },
            "dist": {
                "type": "zip",
                "url": "https://api.github.com/repos/angular/bower-angular-i18n/zipball/1b82200999bfb3f6c18293f07011ceeddeae1d08",
                "reference": "1b82200999bfb3f6c18293f07011ceeddeae1d08",
                "shasum": ""
            },
            "type": "bower-asset-library",
            "extra": {
                "bower-asset-ignore": [
                    "**/.*",
                    "node_modules",
                    "components",
                    "precommit.sh"
                ]
            }
        },
        {
            "name": "bower-asset/angular-mocks",
            "version": "v1.4.6",
            "source": {
                "type": "git",
                "url": "https://github.com/angular/bower-angular-mocks.git",
                "reference": "14a5cb33e87b51ff10ad92ba74fceb257fd2d7ed"
            },
            "dist": {
                "type": "zip",
                "url": "https://api.github.com/repos/angular/bower-angular-mocks/zipball/14a5cb33e87b51ff10ad92ba74fceb257fd2d7ed",
                "reference": "14a5cb33e87b51ff10ad92ba74fceb257fd2d7ed",
                "shasum": ""
            },
            "require": {
                "bower-asset/angular": "1.4.6"
            },
            "type": "bower-asset-library",
            "extra": {
                "bower-asset-main": "./angular-mocks.js",
                "bower-asset-ignore": []
            }
        },
        {
            "name": "bower-asset/angular-resource",
            "version": "v1.4.6",
            "source": {
                "type": "git",
                "url": "https://github.com/angular/bower-angular-resource.git",
                "reference": "6fccc96ce601c60709a35c102a83239312062e6f"
            },
            "dist": {
                "type": "zip",
                "url": "https://api.github.com/repos/angular/bower-angular-resource/zipball/6fccc96ce601c60709a35c102a83239312062e6f",
                "reference": "6fccc96ce601c60709a35c102a83239312062e6f",
                "shasum": ""
            },
            "require": {
                "bower-asset/angular": "1.4.6"
            },
            "type": "bower-asset-library",
            "extra": {
                "bower-asset-main": "./angular-resource.js",
                "bower-asset-ignore": []
            }
        },
        {
            "name": "bower-asset/angular-sanitize",
            "version": "v1.4.6",
            "source": {
                "type": "git",
                "url": "https://github.com/angular/bower-angular-sanitize.git",
                "reference": "f1c23e40fc3c6658eb37294b5c22194576195bdb"
            },
            "dist": {
                "type": "zip",
                "url": "https://api.github.com/repos/angular/bower-angular-sanitize/zipball/f1c23e40fc3c6658eb37294b5c22194576195bdb",
                "reference": "f1c23e40fc3c6658eb37294b5c22194576195bdb",
                "shasum": ""
            },
            "require": {
                "bower-asset/angular": "1.4.6"
            },
            "type": "bower-asset-library",
            "extra": {
                "bower-asset-main": "./angular-sanitize.js",
                "bower-asset-ignore": []
            }
        },
        {
            "name": "bower-asset/angular-ui-bootstrap-bower",
            "version": "0.13.4",
            "source": {
                "type": "git",
                "url": "https://github.com/angular-ui/bootstrap-bower.git",
                "reference": "4fa8d643acc1829e77984dc004ceb52791c50592"
            },
            "dist": {
                "type": "zip",
                "url": "https://api.github.com/repos/angular-ui/bootstrap-bower/zipball/4fa8d643acc1829e77984dc004ceb52791c50592",
                "reference": "4fa8d643acc1829e77984dc004ceb52791c50592",
                "shasum": ""
            },
            "require": {
                "bower-asset/angular": ">=1.3.0"
            },
            "type": "bower-asset-library",
            "extra": {
                "bower-asset-main": [
                    "./ui-bootstrap-tpls.js"
                ],
                "bower-asset-ignore": []
            },
            "license": [
                "MIT"
            ],
            "description": "Native AngularJS (Angular) directives for Bootstrap.",
            "keywords": [
                "angular",
                "angular-ui",
                "bootstrap"
            ]
        },
        {
            "name": "bower-asset/angular-ui-router",
            "version": "0.2.15",
            "source": {
                "type": "git",
                "url": "https://github.com/angular-ui/ui-router.git",
                "reference": "805e69bae319e922e4d3265b7ef565058aaff850"
            },
            "dist": {
                "type": "zip",
                "url": "https://api.github.com/repos/angular-ui/ui-router/zipball/805e69bae319e922e4d3265b7ef565058aaff850",
                "reference": "805e69bae319e922e4d3265b7ef565058aaff850",
                "shasum": ""
            },
            "require": {
                "bower-asset/angular": ">=1.0.8"
            },
            "type": "bower-asset-library",
            "extra": {
                "bower-asset-main": "./release/angular-ui-router.js",
                "bower-asset-ignore": [
                    "**/.*",
                    "node_modules",
                    "bower_components",
                    "component.json",
                    "package.json",
                    "lib",
                    "config",
                    "sample",
                    "test",
                    "tests",
                    "ngdoc_assets",
                    "Gruntfile.js",
                    "files.js"
                ]
            }
        },
        {
            "name": "bower-asset/ngprogress",
            "version": "v1.1.2",
            "source": {
                "type": "git",
                "url": "https://github.com/VictorBjelkholm/ngProgress.git",
                "reference": "244b049e92c12a4ba7984093c8aac66c37527c91"
            },
            "dist": {
                "type": "zip",
                "url": "https://api.github.com/repos/VictorBjelkholm/ngProgress/zipball/244b049e92c12a4ba7984093c8aac66c37527c91",
                "reference": "244b049e92c12a4ba7984093c8aac66c37527c91",
                "shasum": ""
            },
            "type": "bower-asset-library",
            "extra": {
                "bower-asset-main": [
                    "build/ngProgress.js",
                    "ngProgress.css"
                ],
                "bower-asset-ignore": [
                    "**/.*",
                    "node_modules",
                    "bower_components",
                    "test",
                    "tests",
                    "src",
                    "Gruntfile.js",
                    "package.json",
                    "karma.conf.js",
                    "index.html"
                ]
            }
        }
    ],
    "packages-dev": [],
    "aliases": [],
    "minimum-stability": "stable",
    "stability-flags": [],
    "prefer-stable": false,
    "prefer-lowest": false,
    "platform": {
        "php": ">=5.3.0"
    },
    "platform-dev": []
}
