{
    "_readme": [
        "This file locks the dependencies of your project to a known state",
        "Read more about it at https://getcomposer.org/doc/01-basic-usage.md#composer-lock-the-lock-file",
        "This file is @generated automatically"
    ],
    "hash": "87f11da79a531e36d6e27d7295339115",
    "packages": [
        {
            "name": "bower-asset/angular",
            "version": "v1.4.3",
            "source": {
                "type": "git",
                "url": "https://github.com/angular/bower-angular.git",
                "reference": "dbd689e8103a6366e53e1f6786727f7c65ccfd75"
            },
            "dist": {
                "type": "zip",
                "url": "https://api.github.com/repos/angular/bower-angular/zipball/dbd689e8103a6366e53e1f6786727f7c65ccfd75",
                "reference": "dbd689e8103a6366e53e1f6786727f7c65ccfd75",
                "shasum": ""
            },
            "type": "bower-asset-library",
            "extra": {
                "bower-asset-main": "./angular.js",
                "bower-asset-ignore": []
            }
        },
        {
            "name": "bower-asset/angular-gettext",
            "version": "v2.1.0",
            "source": {
                "type": "git",
                "url": "https://github.com/rubenv/angular-gettext.git",
                "reference": "98de89361bf8fe81d7645502610cb9e378f81e83"
            },
            "dist": {
                "type": "zip",
                "url": "https://api.github.com/repos/rubenv/angular-gettext/zipball/98de89361bf8fe81d7645502610cb9e378f81e83",
                "reference": "98de89361bf8fe81d7645502610cb9e378f81e83",
                "shasum": ""
            },
            "require": {
                "bower-asset/angular": ">=1.2.0"
            },
            "require-dev": {
                "bower-asset/angular-mocks": ">=1.2.0",
                "bower-asset/jquery": ">=1.8.0"
            },
            "type": "bower-asset-library",
            "extra": {
                "bower-asset-main": "dist/angular-gettext.js",
                "bower-asset-ignore": [
                    "**/.*",
                    "src",
                    "node_modules",
                    "bower_components",
                    "test",
                    "genplurals.py",
                    "Gruntfile.js"
                ]
            }
        },
        {
            "name": "bower-asset/angular-mocks",
            "version": "v1.4.3",
            "source": {
                "type": "git",
                "url": "https://github.com/angular/bower-angular-mocks.git",
                "reference": "7e3beec84afceeb060a3c6def0d7ca965727851c"
            },
            "dist": {
                "type": "zip",
                "url": "https://api.github.com/repos/angular/bower-angular-mocks/zipball/7e3beec84afceeb060a3c6def0d7ca965727851c",
                "reference": "7e3beec84afceeb060a3c6def0d7ca965727851c",
                "shasum": ""
            },
            "require": {
                "bower-asset/angular": "1.4.3"
            },
            "type": "bower-asset-library",
            "extra": {
                "bower-asset-main": "./angular-mocks.js",
                "bower-asset-ignore": []
            }
        },
        {
            "name": "bower-asset/angular-resource",
            "version": "v1.4.3",
            "source": {
                "type": "git",
                "url": "https://github.com/angular/bower-angular-resource.git",
                "reference": "c971f7735b90685651526daf33a64c04b8539e91"
            },
            "dist": {
                "type": "zip",
                "url": "https://api.github.com/repos/angular/bower-angular-resource/zipball/c971f7735b90685651526daf33a64c04b8539e91",
                "reference": "c971f7735b90685651526daf33a64c04b8539e91",
                "shasum": ""
            },
            "require": {
                "bower-asset/angular": "1.4.3"
            },
            "type": "bower-asset-library",
            "extra": {
                "bower-asset-main": "./angular-resource.js",
                "bower-asset-ignore": []
            }
        },
        {
            "name": "bower-asset/angular-sanitize",
            "version": "v1.4.3",
            "source": {
                "type": "git",
                "url": "https://github.com/angular/bower-angular-sanitize.git",
                "reference": "0367ee4c3f9cb8af5d1da9ec35b71a8b523d9fc0"
            },
            "dist": {
                "type": "zip",
                "url": "https://api.github.com/repos/angular/bower-angular-sanitize/zipball/0367ee4c3f9cb8af5d1da9ec35b71a8b523d9fc0",
                "reference": "0367ee4c3f9cb8af5d1da9ec35b71a8b523d9fc0",
                "shasum": ""
            },
            "require": {
                "bower-asset/angular": "1.4.3"
            },
            "type": "bower-asset-library",
            "extra": {
                "bower-asset-main": "./angular-sanitize.js",
                "bower-asset-ignore": []
            }
        },
        {
            "name": "bower-asset/angular-ui-bootstrap-bower",
            "version": "0.13.0",
            "source": {
                "type": "git",
                "url": "https://github.com/angular-ui/bootstrap-bower.git",
                "reference": "a75d899addcafb73344b724bec647620adeebc9a"
            },
            "dist": {
                "type": "zip",
                "url": "https://api.github.com/repos/angular-ui/bootstrap-bower/zipball/a75d899addcafb73344b724bec647620adeebc9a",
                "reference": "a75d899addcafb73344b724bec647620adeebc9a",
                "shasum": ""
            },
            "require": {
                "bower-asset/angular": ">=1.3.0"
            },
            "type": "bower-asset-library",
            "extra": {
                "bower-asset-main": [
                    "./ui-bootstrap-tpls.js"
                ],
                "bower-asset-ignore": []
            },
            "license": [
                "MIT"
            ],
            "description": "Native AngularJS (Angular) directives for Bootstrap.",
            "keywords": [
                "angular",
                "angular-ui",
                "bootstrap"
            ]
        },
        {
            "name": "bower-asset/angular-ui-router",
            "version": "0.2.15",
            "source": {
                "type": "git",
                "url": "https://github.com/angular-ui/ui-router.git",
                "reference": "805e69bae319e922e4d3265b7ef565058aaff850"
            },
            "dist": {
                "type": "zip",
                "url": "https://api.github.com/repos/angular-ui/ui-router/zipball/805e69bae319e922e4d3265b7ef565058aaff850",
                "reference": "805e69bae319e922e4d3265b7ef565058aaff850",
                "shasum": ""
            },
            "require": {
                "bower-asset/angular": ">=1.0.8"
            },
            "type": "bower-asset-library",
            "extra": {
                "bower-asset-main": "./release/angular-ui-router.js",
                "bower-asset-ignore": [
                    "**/.*",
                    "node_modules",
                    "bower_components",
                    "component.json",
                    "package.json",
                    "lib",
                    "config",
                    "sample",
                    "test",
                    "tests",
                    "ngdoc_assets",
                    "Gruntfile.js",
                    "files.js"
                ]
            }
        },
        {
            "name": "bower-asset/ngprogress",
            "version": "v1.1.1",
            "source": {
                "type": "git",
                "url": "https://github.com/VictorBjelkholm/ngProgress.git",
                "reference": "5f84e3f53653f7d560a8b62178eb26e7ff8dc75b"
            },
            "dist": {
                "type": "zip",
                "url": "https://api.github.com/repos/VictorBjelkholm/ngProgress/zipball/5f84e3f53653f7d560a8b62178eb26e7ff8dc75b",
                "reference": "5f84e3f53653f7d560a8b62178eb26e7ff8dc75b",
                "shasum": ""
            },
            "type": "bower-asset-library",
            "extra": {
                "bower-asset-main": [
                    "build/ngProgress.js",
                    "ngProgress.css"
                ],
                "bower-asset-ignore": [
                    "**/.*",
                    "node_modules",
                    "bower_components",
                    "test",
                    "tests",
                    "src",
                    "Gruntfile.js",
                    "package.json",
                    "karma.conf.js",
                    "index.html"
                ]
            }
        }
    ],
    "packages-dev": [],
    "aliases": [],
    "minimum-stability": "stable",
    "stability-flags": [],
    "prefer-stable": false,
    "prefer-lowest": false,
    "platform": {
        "php": ">=5.3.0"
    },
    "platform-dev": []
}
